
Microsoft Visual Studio Solution File, Format Version 12.00
# Visual Studio Version 17
VisualStudioVersion = 17.1.32228.430
MinimumVisualStudioVersion = 10.0.40219.1
Project("{8BC9CEB8-8B4A-11D0-8D11-00A0C91BC942}") = "DSP", "DSP.vcxproj", "{EE84E0BC-32B9-4359-A8EB-815F5CC7FA81}"
EndProject
Global
	GlobalSection(SolutionConfigurationPlatforms) = preSolution
		Debug|x64 = Debug|x64
		Debug|x86 = Debug|x86
		Release|x64 = Release|x64
		Release|x86 = Release|x86
	EndGlobalSection
	GlobalSection(ProjectConfigurationPlatforms) = postSolution
		{EE84E0BC-32B9-4359-A8EB-815F5CC7FA81}.Debug|x64.ActiveCfg = Debug|x64
		{EE84E0BC-32B9-4359-A8EB-815F5CC7FA81}.Debug|x64.Build.0 = Debug|x64
		{EE84E0BC-32B9-4359-A8EB-815F5CC7FA81}.Debug|x86.ActiveCfg = Debug|Win32
		{EE84E0BC-32B9-4359-A8EB-815F5CC7FA81}.Debug|x86.Build.0 = Debug|Win32
		{EE84E0BC-32B9-4359-A8EB-815F5CC7FA81}.Release|x64.ActiveCfg = Release|x64
		{EE84E0BC-32B9-4359-A8EB-815F5CC7FA81}.Release|x64.Build.0 = Release|x64
		{EE84E0BC-32B9-4359-A8EB-815F5CC7FA81}.Release|x86.ActiveCfg = Release|Win32
		{EE84E0BC-32B9-4359-A8EB-815F5CC7FA81}.Release|x86.Build.0 = Release|Win32
	EndGlobalSection
	GlobalSection(SolutionProperties) = preSolution
		HideSolutionNode = FALSE
	EndGlobalSection
	GlobalSection(ExtensibilityGlobals) = postSolution
		SolutionGuid = {2082080D-55D8-4188-A92D-82A8E3F68D8F}
	EndGlobalSection
EndGlobal
